
Microsoft Visual Studio Solution File, Format Version 12.00
# Visual Studio Version 17
VisualStudioVersion = 17.0.31903.59
MinimumVisualStudioVersion = 10.0.40219.1
Project("{2150E333-8FDC-42A3-9474-1A3956D46DE8}") = "src", "src", "{827E0CD3-B72D-47B6-A68D-7590B98EB39B}"
EndProject
Project("{FAE04EC0-301F-11D3-BF4B-00C04F79EFBC}") = "OrderSense.Api", "src\OrderSense.Api\OrderSense.Api.csproj", "{9A9C0587-BBCE-47C5-9902-7806D25B95D1}"
EndProject
Project("{FAE04EC0-301F-11D3-BF4B-00C04F79EFBC}") = "OrderSense.PredictionService", "src\OrderSense.PredictionService\OrderSense.PredictionService.csproj", "{F1E7687B-D17C-446A-AAB1-4BF4613370B2}"
EndProject
Project("{FAE04EC0-301F-11D3-BF4B-00C04F79EFBC}") = "OrderSense.AppHost", "src\OrderSense.AppHost\OrderSense.AppHost.csproj", "{AB441EF2-6B1E-40F5-9383-F359C8718B15}"
EndProject
Project("{FAE04EC0-301F-11D3-BF4B-00C04F79EFBC}") = "OrderSense.ServiceDefaults", "src\OrderSense.ServiceDefaults\OrderSense.ServiceDefaults.csproj", "{42D2C159-BD41-49D0-B345-F24D280B9D9E}"
EndProject
Project("{FAE04EC0-301F-11D3-BF4B-00C04F79EFBC}") = "OrderSense.Contracts", "src\OrderSense.Contracts\OrderSense.Contracts.csproj", "{DA621809-4FA4-4936-8A5E-FBF50ADAE34C}"
EndProject
Project("{FAE04EC0-301F-11D3-BF4B-00C04F79EFBC}") = "OrderSense.Client.Core", "src\OrderSense.Client.Core\OrderSense.Client.Core.csproj", "{0D860C34-83DF-4898-BEB4-E6303604109A}"
EndProject
Project("{2150E333-8FDC-42A3-9474-1A3956D46DE8}") = "ml", "ml", "{EF63391B-C3E5-250D-9024-053ABA41E467}"
EndProject
Project("{FAE04EC0-301F-11D3-BF4B-00C04F79EFBC}") = "OrderSense.ML.Training", "ml\OrderSense.ML.Training\OrderSense.ML.Training.csproj", "{68A5799F-ECD2-4DAF-93BF-DAE6B40CB366}"
EndProject
Project("{2150E333-8FDC-42A3-9474-1A3956D46DE8}") = "tests", "tests", "{0AB3BF05-4346-4AA6-1389-037BE0695223}"
EndProject
Project("{FAE04EC0-301F-11D3-BF4B-00C04F79EFBC}") = "OrderSense.Api.Tests", "tests\OrderSense.Api.Tests\OrderSense.Api.Tests.csproj", "{5A3F9298-8FF0-4A02-A1B3-B1D1AD872A16}"
EndProject
Project("{FAE04EC0-301F-11D3-BF4B-00C04F79EFBC}") = "OrderSense.Maui", "src\OrderSense.Maui\OrderSense.Maui.csproj", "{7A0F7EF5-D832-4282-88FB-7AA7397F1B0D}"
EndProject
Project("{FAE04EC0-301F-11D3-BF4B-00C04F79EFBC}") = "OrderSense.Client.Core.Tests", "tests\OrderSense.Client.Core.Tests\OrderSense.Client.Core.Tests.csproj", "{C36D50BB-789A-45B2-A597-4BBC5048595E}"
EndProject
Project("{FAE04EC0-301F-11D3-BF4B-00C04F79EFBC}") = "OrderSense.Maui.Tests", "tests\OrderSense.Maui.Tests\OrderSense.Maui.Tests.csproj", "{8057AE3C-750E-4004-8392-5BD8B62B5C0F}"
EndProject
Global
	GlobalSection(SolutionConfigurationPlatforms) = preSolution
		Debug|Any CPU = Debug|Any CPU
		Debug|x64 = Debug|x64
		Debug|x86 = Debug|x86
		Release|Any CPU = Release|Any CPU
		Release|x64 = Release|x64
		Release|x86 = Release|x86
	EndGlobalSection
	GlobalSection(ProjectConfigurationPlatforms) = postSolution
		{9A9C0587-BBCE-47C5-9902-7806D25B95D1}.Debug|Any CPU.ActiveCfg = Debug|Any CPU
		{9A9C0587-BBCE-47C5-9902-7806D25B95D1}.Debug|Any CPU.Build.0 = Debug|Any CPU
		{9A9C0587-BBCE-47C5-9902-7806D25B95D1}.Debug|x64.ActiveCfg = Debug|Any CPU
		{9A9C0587-BBCE-47C5-9902-7806D25B95D1}.Debug|x64.Build.0 = Debug|Any CPU
		{9A9C0587-BBCE-47C5-9902-7806D25B95D1}.Debug|x86.ActiveCfg = Debug|Any CPU
		{9A9C0587-BBCE-47C5-9902-7806D25B95D1}.Debug|x86.Build.0 = Debug|Any CPU
		{9A9C0587-BBCE-47C5-9902-7806D25B95D1}.Release|Any CPU.ActiveCfg = Release|Any CPU
		{9A9C0587-BBCE-47C5-9902-7806D25B95D1}.Release|Any CPU.Build.0 = Release|Any CPU
		{9A9C0587-BBCE-47C5-9902-7806D25B95D1}.Release|x64.ActiveCfg = Release|Any CPU
		{9A9C0587-BBCE-47C5-9902-7806D25B95D1}.Release|x64.Build.0 = Release|Any CPU
		{9A9C0587-BBCE-47C5-9902-7806D25B95D1}.Release|x86.ActiveCfg = Release|Any CPU
		{9A9C0587-BBCE-47C5-9902-7806D25B95D1}.Release|x86.Build.0 = Release|Any CPU
		{F1E7687B-D17C-446A-AAB1-4BF4613370B2}.Debug|Any CPU.ActiveCfg = Debug|Any CPU
		{F1E7687B-D17C-446A-AAB1-4BF4613370B2}.Debug|Any CPU.Build.0 = Debug|Any CPU
		{F1E7687B-D17C-446A-AAB1-4BF4613370B2}.Debug|x64.ActiveCfg = Debug|Any CPU
		{F1E7687B-D17C-446A-AAB1-4BF4613370B2}.Debug|x64.Build.0 = Debug|Any CPU
		{F1E7687B-D17C-446A-AAB1-4BF4613370B2}.Debug|x86.ActiveCfg = Debug|Any CPU
		{F1E7687B-D17C-446A-AAB1-4BF4613370B2}.Debug|x86.Build.0 = Debug|Any CPU
		{F1E7687B-D17C-446A-AAB1-4BF4613370B2}.Release|Any CPU.ActiveCfg = Release|Any CPU
		{F1E7687B-D17C-446A-AAB1-4BF4613370B2}.Release|Any CPU.Build.0 = Release|Any CPU
		{F1E7687B-D17C-446A-AAB1-4BF4613370B2}.Release|x64.ActiveCfg = Release|Any CPU
		{F1E7687B-D17C-446A-AAB1-4BF4613370B2}.Release|x64.Build.0 = Release|Any CPU
		{F1E7687B-D17C-446A-AAB1-4BF4613370B2}.Release|x86.ActiveCfg = Release|Any CPU
		{F1E7687B-D17C-446A-AAB1-4BF4613370B2}.Release|x86.Build.0 = Release|Any CPU
		{AB441EF2-6B1E-40F5-9383-F359C8718B15}.Debug|Any CPU.ActiveCfg = Debug|Any CPU
		{AB441EF2-6B1E-40F5-9383-F359C8718B15}.Debug|Any CPU.Build.0 = Debug|Any CPU
		{AB441EF2-6B1E-40F5-9383-F359C8718B15}.Debug|x64.ActiveCfg = Debug|Any CPU
		{AB441EF2-6B1E-40F5-9383-F359C8718B15}.Debug|x64.Build.0 = Debug|Any CPU
		{AB441EF2-6B1E-40F5-9383-F359C8718B15}.Debug|x86.ActiveCfg = Debug|Any CPU
		{AB441EF2-6B1E-40F5-9383-F359C8718B15}.Debug|x86.Build.0 = Debug|Any CPU
		{AB441EF2-6B1E-40F5-9383-F359C8718B15}.Release|Any CPU.ActiveCfg = Release|Any CPU
		{AB441EF2-6B1E-40F5-9383-F359C8718B15}.Release|Any CPU.Build.0 = Release|Any CPU
		{AB441EF2-6B1E-40F5-9383-F359C8718B15}.Release|x64.ActiveCfg = Release|Any CPU
		{AB441EF2-6B1E-40F5-9383-F359C8718B15}.Release|x64.Build.0 = Release|Any CPU
		{AB441EF2-6B1E-40F5-9383-F359C8718B15}.Release|x86.ActiveCfg = Release|Any CPU
		{AB441EF2-6B1E-40F5-9383-F359C8718B15}.Release|x86.Build.0 = Release|Any CPU
		{42D2C159-BD41-49D0-B345-F24D280B9D9E}.Debug|Any CPU.ActiveCfg = Debug|Any CPU
		{42D2C159-BD41-49D0-B345-F24D280B9D9E}.Debug|Any CPU.Build.0 = Debug|Any CPU
		{42D2C159-BD41-49D0-B345-F24D280B9D9E}.Debug|x64.ActiveCfg = Debug|Any CPU
		{42D2C159-BD41-49D0-B345-F24D280B9D9E}.Debug|x64.Build.0 = Debug|Any CPU
		{42D2C159-BD41-49D0-B345-F24D280B9D9E}.Debug|x86.ActiveCfg = Debug|Any CPU
		{42D2C159-BD41-49D0-B345-F24D280B9D9E}.Debug|x86.Build.0 = Debug|Any CPU
		{42D2C159-BD41-49D0-B345-F24D280B9D9E}.Release|Any CPU.ActiveCfg = Release|Any CPU
		{42D2C159-BD41-49D0-B345-F24D280B9D9E}.Release|Any CPU.Build.0 = Release|Any CPU
		{42D2C159-BD41-49D0-B345-F24D280B9D9E}.Release|x64.ActiveCfg = Release|Any CPU
		{42D2C159-BD41-49D0-B345-F24D280B9D9E}.Release|x64.Build.0 = Release|Any CPU
		{42D2C159-BD41-49D0-B345-F24D280B9D9E}.Release|x86.ActiveCfg = Release|Any CPU
		{42D2C159-BD41-49D0-B345-F24D280B9D9E}.Release|x86.Build.0 = Release|Any CPU
		{DA621809-4FA4-4936-8A5E-FBF50ADAE34C}.Debug|Any CPU.ActiveCfg = Debug|Any CPU
		{DA621809-4FA4-4936-8A5E-FBF50ADAE34C}.Debug|Any CPU.Build.0 = Debug|Any CPU
		{DA621809-4FA4-4936-8A5E-FBF50ADAE34C}.Debug|x64.ActiveCfg = Debug|Any CPU
		{DA621809-4FA4-4936-8A5E-FBF50ADAE34C}.Debug|x64.Build.0 = Debug|Any CPU
		{DA621809-4FA4-4936-8A5E-FBF50ADAE34C}.Debug|x86.ActiveCfg = Debug|Any CPU
		{DA621809-4FA4-4936-8A5E-FBF50ADAE34C}.Debug|x86.Build.0 = Debug|Any CPU
		{DA621809-4FA4-4936-8A5E-FBF50ADAE34C}.Release|Any CPU.ActiveCfg = Release|Any CPU
		{DA621809-4FA4-4936-8A5E-FBF50ADAE34C}.Release|Any CPU.Build.0 = Release|Any CPU
		{DA621809-4FA4-4936-8A5E-FBF50ADAE34C}.Release|x64.ActiveCfg = Release|Any CPU
		{DA621809-4FA4-4936-8A5E-FBF50ADAE34C}.Release|x64.Build.0 = Release|Any CPU
		{DA621809-4FA4-4936-8A5E-FBF50ADAE34C}.Release|x86.ActiveCfg = Release|Any CPU
		{DA621809-4FA4-4936-8A5E-FBF50ADAE34C}.Release|x86.Build.0 = Release|Any CPU
		{0D860C34-83DF-4898-BEB4-E6303604109A}.Debug|Any CPU.ActiveCfg = Debug|Any CPU
		{0D860C34-83DF-4898-BEB4-E6303604109A}.Debug|Any CPU.Build.0 = Debug|Any CPU
		{0D860C34-83DF-4898-BEB4-E6303604109A}.Debug|x64.ActiveCfg = Debug|Any CPU
		{0D860C34-83DF-4898-BEB4-E6303604109A}.Debug|x64.Build.0 = Debug|Any CPU
		{0D860C34-83DF-4898-BEB4-E6303604109A}.Debug|x86.ActiveCfg = Debug|Any CPU
		{0D860C34-83DF-4898-BEB4-E6303604109A}.Debug|x86.Build.0 = Debug|Any CPU
		{0D860C34-83DF-4898-BEB4-E6303604109A}.Release|Any CPU.ActiveCfg = Release|Any CPU
		{0D860C34-83DF-4898-BEB4-E6303604109A}.Release|Any CPU.Build.0 = Release|Any CPU
		{0D860C34-83DF-4898-BEB4-E6303604109A}.Release|x64.ActiveCfg = Release|Any CPU
		{0D860C34-83DF-4898-BEB4-E6303604109A}.Release|x64.Build.0 = Release|Any CPU
		{0D860C34-83DF-4898-BEB4-E6303604109A}.Release|x86.ActiveCfg = Release|Any CPU
		{0D860C34-83DF-4898-BEB4-E6303604109A}.Release|x86.Build.0 = Release|Any CPU
		{68A5799F-ECD2-4DAF-93BF-DAE6B40CB366}.Debug|Any CPU.ActiveCfg = Debug|Any CPU
		{68A5799F-ECD2-4DAF-93BF-DAE6B40CB366}.Debug|Any CPU.Build.0 = Debug|Any CPU
		{68A5799F-ECD2-4DAF-93BF-DAE6B40CB366}.Debug|x64.ActiveCfg = Debug|Any CPU
		{68A5799F-ECD2-4DAF-93BF-DAE6B40CB366}.Debug|x64.Build.0 = Debug|Any CPU
		{68A5799F-ECD2-4DAF-93BF-DAE6B40CB366}.Debug|x86.ActiveCfg = Debug|Any CPU
		{68A5799F-ECD2-4DAF-93BF-DAE6B40CB366}.Debug|x86.Build.0 = Debug|Any CPU
		{68A5799F-ECD2-4DAF-93BF-DAE6B40CB366}.Release|Any CPU.ActiveCfg = Release|Any CPU
		{68A5799F-ECD2-4DAF-93BF-DAE6B40CB366}.Release|Any CPU.Build.0 = Release|Any CPU
		{68A5799F-ECD2-4DAF-93BF-DAE6B40CB366}.Release|x64.ActiveCfg = Release|Any CPU
		{68A5799F-ECD2-4DAF-93BF-DAE6B40CB366}.Release|x64.Build.0 = Release|Any CPU
		{68A5799F-ECD2-4DAF-93BF-DAE6B40CB366}.Release|x86.ActiveCfg = Release|Any CPU
		{68A5799F-ECD2-4DAF-93BF-DAE6B40CB366}.Release|x86.Build.0 = Release|Any CPU
		{5A3F9298-8FF0-4A02-A1B3-B1D1AD872A16}.Debug|Any CPU.ActiveCfg = Debug|Any CPU
		{5A3F9298-8FF0-4A02-A1B3-B1D1AD872A16}.Debug|Any CPU.Build.0 = Debug|Any CPU
		{5A3F9298-8FF0-4A02-A1B3-B1D1AD872A16}.Debug|x64.ActiveCfg = Debug|Any CPU
		{5A3F9298-8FF0-4A02-A1B3-B1D1AD872A16}.Debug|x64.Build.0 = Debug|Any CPU
		{5A3F9298-8FF0-4A02-A1B3-B1D1AD872A16}.Debug|x86.ActiveCfg = Debug|Any CPU
		{5A3F9298-8FF0-4A02-A1B3-B1D1AD872A16}.Debug|x86.Build.0 = Debug|Any CPU
		{5A3F9298-8FF0-4A02-A1B3-B1D1AD872A16}.Release|Any CPU.ActiveCfg = Release|Any CPU
		{5A3F9298-8FF0-4A02-A1B3-B1D1AD872A16}.Release|Any CPU.Build.0 = Release|Any CPU
		{5A3F9298-8FF0-4A02-A1B3-B1D1AD872A16}.Release|x64.ActiveCfg = Release|Any CPU
		{5A3F9298-8FF0-4A02-A1B3-B1D1AD872A16}.Release|x64.Build.0 = Release|Any CPU
		{5A3F9298-8FF0-4A02-A1B3-B1D1AD872A16}.Release|x86.ActiveCfg = Release|Any CPU
		{5A3F9298-8FF0-4A02-A1B3-B1D1AD872A16}.Release|x86.Build.0 = Release|Any CPU
		{7A0F7EF5-D832-4282-88FB-7AA7397F1B0D}.Debug|Any CPU.ActiveCfg = Debug|Any CPU
		{7A0F7EF5-D832-4282-88FB-7AA7397F1B0D}.Debug|Any CPU.Build.0 = Debug|Any CPU
		{7A0F7EF5-D832-4282-88FB-7AA7397F1B0D}.Debug|x64.ActiveCfg = Debug|Any CPU
		{7A0F7EF5-D832-4282-88FB-7AA7397F1B0D}.Debug|x64.Build.0 = Debug|Any CPU
		{7A0F7EF5-D832-4282-88FB-7AA7397F1B0D}.Debug|x86.ActiveCfg = Debug|Any CPU
		{7A0F7EF5-D832-4282-88FB-7AA7397F1B0D}.Debug|x86.Build.0 = Debug|Any CPU
		{7A0F7EF5-D832-4282-88FB-7AA7397F1B0D}.Release|Any CPU.ActiveCfg = Release|Any CPU
		{7A0F7EF5-D832-4282-88FB-7AA7397F1B0D}.Release|Any CPU.Build.0 = Release|Any CPU
		{7A0F7EF5-D832-4282-88FB-7AA7397F1B0D}.Release|x64.ActiveCfg = Release|Any CPU
		{7A0F7EF5-D832-4282-88FB-7AA7397F1B0D}.Release|x64.Build.0 = Release|Any CPU
		{7A0F7EF5-D832-4282-88FB-7AA7397F1B0D}.Release|x86.ActiveCfg = Release|Any CPU
		{7A0F7EF5-D832-4282-88FB-7AA7397F1B0D}.Release|x86.Build.0 = Release|Any CPU
		{C36D50BB-789A-45B2-A597-4BBC5048595E}.Debug|Any CPU.ActiveCfg = Debug|Any CPU
		{C36D50BB-789A-45B2-A597-4BBC5048595E}.Debug|Any CPU.Build.0 = Debug|Any CPU
		{C36D50BB-789A-45B2-A597-4BBC5048595E}.Debug|x64.ActiveCfg = Debug|Any CPU
		{C36D50BB-789A-45B2-A597-4BBC5048595E}.Debug|x64.Build.0 = Debug|Any CPU
		{C36D50BB-789A-45B2-A597-4BBC5048595E}.Debug|x86.ActiveCfg = Debug|Any CPU
		{C36D50BB-789A-45B2-A597-4BBC5048595E}.Debug|x86.Build.0 = Debug|Any CPU
		{C36D50BB-789A-45B2-A597-4BBC5048595E}.Release|Any CPU.ActiveCfg = Release|Any CPU
		{C36D50BB-789A-45B2-A597-4BBC5048595E}.Release|Any CPU.Build.0 = Release|Any CPU
		{C36D50BB-789A-45B2-A597-4BBC5048595E}.Release|x64.ActiveCfg = Release|Any CPU
		{C36D50BB-789A-45B2-A597-4BBC5048595E}.Release|x64.Build.0 = Release|Any CPU
		{C36D50BB-789A-45B2-A597-4BBC5048595E}.Release|x86.ActiveCfg = Release|Any CPU
		{C36D50BB-789A-45B2-A597-4BBC5048595E}.Release|x86.Build.0 = Release|Any CPU
		{8057AE3C-750E-4004-8392-5BD8B62B5C0F}.Debug|Any CPU.ActiveCfg = Debug|Any CPU
		{8057AE3C-750E-4004-8392-5BD8B62B5C0F}.Debug|Any CPU.Build.0 = Debug|Any CPU
		{8057AE3C-750E-4004-8392-5BD8B62B5C0F}.Debug|x64.ActiveCfg = Debug|Any CPU
		{8057AE3C-750E-4004-8392-5BD8B62B5C0F}.Debug|x64.Build.0 = Debug|Any CPU
		{8057AE3C-750E-4004-8392-5BD8B62B5C0F}.Debug|x86.ActiveCfg = Debug|Any CPU
		{8057AE3C-750E-4004-8392-5BD8B62B5C0F}.Debug|x86.Build.0 = Debug|Any CPU
		{8057AE3C-750E-4004-8392-5BD8B62B5C0F}.Release|Any CPU.ActiveCfg = Release|Any CPU
		{8057AE3C-750E-4004-8392-5BD8B62B5C0F}.Release|Any CPU.Build.0 = Release|Any CPU
		{8057AE3C-750E-4004-8392-5BD8B62B5C0F}.Release|x64.ActiveCfg = Release|Any CPU
		{8057AE3C-750E-4004-8392-5BD8B62B5C0F}.Release|x64.Build.0 = Release|Any CPU
		{8057AE3C-750E-4004-8392-5BD8B62B5C0F}.Release|x86.ActiveCfg = Release|Any CPU
		{8057AE3C-750E-4004-8392-5BD8B62B5C0F}.Release|x86.Build.0 = Release|Any CPU
	EndGlobalSection
	GlobalSection(SolutionProperties) = preSolution
		HideSolutionNode = FALSE
	EndGlobalSection
	GlobalSection(NestedProjects) = preSolution
		{9A9C0587-BBCE-47C5-9902-7806D25B95D1} = {827E0CD3-B72D-47B6-A68D-7590B98EB39B}
		{F1E7687B-D17C-446A-AAB1-4BF4613370B2} = {827E0CD3-B72D-47B6-A68D-7590B98EB39B}
		{AB441EF2-6B1E-40F5-9383-F359C8718B15} = {827E0CD3-B72D-47B6-A68D-7590B98EB39B}
		{42D2C159-BD41-49D0-B345-F24D280B9D9E} = {827E0CD3-B72D-47B6-A68D-7590B98EB39B}
		{DA621809-4FA4-4936-8A5E-FBF50ADAE34C} = {827E0CD3-B72D-47B6-A68D-7590B98EB39B}
		{0D860C34-83DF-4898-BEB4-E6303604109A} = {827E0CD3-B72D-47B6-A68D-7590B98EB39B}
		{68A5799F-ECD2-4DAF-93BF-DAE6B40CB366} = {EF63391B-C3E5-250D-9024-053ABA41E467}
		{5A3F9298-8FF0-4A02-A1B3-B1D1AD872A16} = {0AB3BF05-4346-4AA6-1389-037BE0695223}
		{7A0F7EF5-D832-4282-88FB-7AA7397F1B0D} = {827E0CD3-B72D-47B6-A68D-7590B98EB39B}
		{C36D50BB-789A-45B2-A597-4BBC5048595E} = {0AB3BF05-4346-4AA6-1389-037BE0695223}
		{8057AE3C-750E-4004-8392-5BD8B62B5C0F} = {0AB3BF05-4346-4AA6-1389-037BE0695223}
	EndGlobalSection
EndGlobal
